
Microsoft Visual Studio Solution File, Format Version 12.00
# Visual Studio Version 17
VisualStudioVersion = 17.9.34622.214
MinimumVisualStudioVersion = 10.0.40219.1
Project("{FAE04EC0-301F-11D3-BF4B-00C04F79EFBC}") = "HomeTask_2(add).NET", "HomeTask_2(add).NET.csproj", "{634D2059-2CB1-44F4-B33A-89EEC75FFB8E}"
EndProject
Global
	GlobalSection(SolutionConfigurationPlatforms) = preSolution
		Debug|Any CPU = Debug|Any CPU
		Release|Any CPU = Release|Any CPU
	EndGlobalSection
	GlobalSection(ProjectConfigurationPlatforms) = postSolution
		{634D2059-2CB1-44F4-B33A-89EEC75FFB8E}.Debug|Any CPU.ActiveCfg = Debug|Any CPU
		{634D2059-2CB1-44F4-B33A-89EEC75FFB8E}.Debug|Any CPU.Build.0 = Debug|Any CPU
		{634D2059-2CB1-44F4-B33A-89EEC75FFB8E}.Release|Any CPU.ActiveCfg = Release|Any CPU
		{634D2059-2CB1-44F4-B33A-89EEC75FFB8E}.Release|Any CPU.Build.0 = Release|Any CPU
	EndGlobalSection
	GlobalSection(SolutionProperties) = preSolution
		HideSolutionNode = FALSE
	EndGlobalSection
	GlobalSection(ExtensibilityGlobals) = postSolution
		SolutionGuid = {AB537CD0-D32A-45DF-81D5-285D246847AD}
	EndGlobalSection
EndGlobal
